
Microsoft Visual Studio Solution File, Format Version 12.00
# Visual Studio Version 16
VisualStudioVersion = 16.0.29102.190
MinimumVisualStudioVersion = 10.0.40219.1
Project("{FAE04EC0-301F-11D3-BF4B-00C04F79EFBC}") = "ProjectForAssignment", "ProjectForAssignment.csproj", "{9AF30C6F-95D3-4FBC-AC23-024611FFD8CB}"
EndProject
Global
	GlobalSection(SolutionConfigurationPlatforms) = preSolution
		Debug|Any CPU = Debug|Any CPU
		Release|Any CPU = Release|Any CPU
	EndGlobalSection
	GlobalSection(ProjectConfigurationPlatforms) = postSolution
		{9AF30C6F-95D3-4FBC-AC23-024611FFD8CB}.Debug|Any CPU.ActiveCfg = Debug|Any CPU
		{9AF30C6F-95D3-4FBC-AC23-024611FFD8CB}.Debug|Any CPU.Build.0 = Debug|Any CPU
		{9AF30C6F-95D3-4FBC-AC23-024611FFD8CB}.Release|Any CPU.ActiveCfg = Release|Any CPU
		{9AF30C6F-95D3-4FBC-AC23-024611FFD8CB}.Release|Any CPU.Build.0 = Release|Any CPU
	EndGlobalSection
	GlobalSection(SolutionProperties) = preSolution
		HideSolutionNode = FALSE
	EndGlobalSection
	GlobalSection(ExtensibilityGlobals) = postSolution
		SolutionGuid = {ACBB07A4-5C43-4C43-96CA-0FBE9A3BCC49}
	EndGlobalSection
EndGlobal
